
Microsoft Visual Studio Solution File, Format Version 12.00
# Visual Studio Version 17
VisualStudioVersion = 17.0.31903.59
MinimumVisualStudioVersion = 10.0.40219.1
Project("{FAE04EC0-301F-11D3-BF4B-00C04F79EFBC}") = "ODATASamples", "ODATASamples\ODATASamples.csproj", "{B46EC80F-04A5-4FF8-8C27-E5713B8B0932}"
EndProject
Global
	GlobalSection(SolutionConfigurationPlatforms) = preSolution
		Debug|Any CPU = Debug|Any CPU
		Release|Any CPU = Release|Any CPU
	EndGlobalSection
	GlobalSection(ProjectConfigurationPlatforms) = postSolution
		{B46EC80F-04A5-4FF8-8C27-E5713B8B0932}.Debug|Any CPU.ActiveCfg = Debug|Any CPU
		{B46EC80F-04A5-4FF8-8C27-E5713B8B0932}.Debug|Any CPU.Build.0 = Debug|Any CPU
		{B46EC80F-04A5-4FF8-8C27-E5713B8B0932}.Release|Any CPU.ActiveCfg = Release|Any CPU
		{B46EC80F-04A5-4FF8-8C27-E5713B8B0932}.Release|Any CPU.Build.0 = Release|Any CPU
	EndGlobalSection
	GlobalSection(SolutionProperties) = preSolution
		HideSolutionNode = FALSE
	EndGlobalSection
	GlobalSection(ExtensibilityGlobals) = postSolution
		SolutionGuid = {248C20C5-830E-41AE-9A3E-94F92D9BE0AF}
	EndGlobalSection
EndGlobal
